
Microsoft Visual Studio Solution File, Format Version 12.00
# Visual Studio Version 17
VisualStudioVersion = 17.8.34511.84
MinimumVisualStudioVersion = 10.0.40219.1
Project("{FAE04EC0-301F-11D3-BF4B-00C04F79EFBC}") = "GoogleAuthenticatorDemo", "GoogleAuthenticatorDemo\GoogleAuthenticatorDemo.csproj", "{1A814CAF-42F5-4BBF-B84E-61E0C02F4806}"
EndProject
Global
	GlobalSection(SolutionConfigurationPlatforms) = preSolution
		Debug|Any CPU = Debug|Any CPU
		Release|Any CPU = Release|Any CPU
	EndGlobalSection
	GlobalSection(ProjectConfigurationPlatforms) = postSolution
		{1A814CAF-42F5-4BBF-B84E-61E0C02F4806}.Debug|Any CPU.ActiveCfg = Debug|Any CPU
		{1A814CAF-42F5-4BBF-B84E-61E0C02F4806}.Debug|Any CPU.Build.0 = Debug|Any CPU
		{1A814CAF-42F5-4BBF-B84E-61E0C02F4806}.Release|Any CPU.ActiveCfg = Release|Any CPU
		{1A814CAF-42F5-4BBF-B84E-61E0C02F4806}.Release|Any CPU.Build.0 = Release|Any CPU
	EndGlobalSection
	GlobalSection(SolutionProperties) = preSolution
		HideSolutionNode = FALSE
	EndGlobalSection
	GlobalSection(ExtensibilityGlobals) = postSolution
		SolutionGuid = {22FF0C12-9DBD-4CB6-A11B-665C90DAC2F1}
	EndGlobalSection
EndGlobal
